Microsoft Visual Studio Solution File, Format Version 12.00
# Visual Studio 2012
Project("{FAE04EC0-301F-11D3-BF4B-00C04F79EFBC}") = "ExternalResourceLoader", "ExternalResourceLoader.csproj", "{74504686-C213-4376-B64C-57856D7E9DFF}"
EndProject
Global
	GlobalSection(SolutionConfigurationPlatforms) = preSolution
	Debug|Any CPU = Debug|Any CPU
	ExportDebug|Any CPU = ExportDebug|Any CPU
	ExportRelease|Any CPU = ExportRelease|Any CPU
	EndGlobalSection
	GlobalSection(ProjectConfigurationPlatforms) = postSolution
		{74504686-C213-4376-B64C-57856D7E9DFF}.Debug|Any CPU.ActiveCfg = Debug|Any CPU
		{74504686-C213-4376-B64C-57856D7E9DFF}.Debug|Any CPU.Build.0 = Debug|Any CPU
		{74504686-C213-4376-B64C-57856D7E9DFF}.ExportDebug|Any CPU.ActiveCfg = ExportDebug|Any CPU
		{74504686-C213-4376-B64C-57856D7E9DFF}.ExportDebug|Any CPU.Build.0 = ExportDebug|Any CPU
		{74504686-C213-4376-B64C-57856D7E9DFF}.ExportRelease|Any CPU.ActiveCfg = ExportRelease|Any CPU
		{74504686-C213-4376-B64C-57856D7E9DFF}.ExportRelease|Any CPU.Build.0 = ExportRelease|Any CPU
	EndGlobalSection
EndGlobal
